
Microsoft Visual Studio Solution File, Format Version 12.00
# Visual Studio Version 16
VisualStudioVersion = 16.0.30225.117
MinimumVisualStudioVersion = 10.0.40219.1
Project("{FAE04EC0-301F-11D3-BF4B-00C04F79EFBC}") = "Movil_Integral.Android", "Movil_Integral.Android\Movil_Integral.Android.csproj", "{16BF9810-8FCF-436C-A4A8-90B2BD3C99BE}"
EndProject
Project("{FAE04EC0-301F-11D3-BF4B-00C04F79EFBC}") = "Movil_Integral.iOS", "Movil_Integral.iOS\Movil_Integral.iOS.csproj", "{48BBCE5B-040E-4653-9A90-290F74A621A5}"
EndProject
Project("{FAE04EC0-301F-11D3-BF4B-00C04F79EFBC}") = "Movil_Integral", "Movil_Integral\Movil_Integral.csproj", "{43E57A0D-5051-4248-AFA3-42DBFA2F5F3D}"
EndProject
Global
	GlobalSection(SolutionConfigurationPlatforms) = preSolution
		Debug|Any CPU = Debug|Any CPU
		Debug|iPhone = Debug|iPhone
		Debug|iPhoneSimulator = Debug|iPhoneSimulator
		Release|Any CPU = Release|Any CPU
		Release|iPhone = Release|iPhone
		Release|iPhoneSimulator = Release|iPhoneSimulator
	EndGlobalSection
	GlobalSection(ProjectConfigurationPlatforms) = postSolution
		{16BF9810-8FCF-436C-A4A8-90B2BD3C99BE}.Debug|Any CPU.ActiveCfg = Debug|Any CPU
		{16BF9810-8FCF-436C-A4A8-90B2BD3C99BE}.Debug|Any CPU.Build.0 = Debug|Any CPU
		{16BF9810-8FCF-436C-A4A8-90B2BD3C99BE}.Debug|Any CPU.Deploy.0 = Debug|Any CPU
		{16BF9810-8FCF-436C-A4A8-90B2BD3C99BE}.Debug|iPhone.ActiveCfg = Debug|Any CPU
		{16BF9810-8FCF-436C-A4A8-90B2BD3C99BE}.Debug|iPhone.Build.0 = Debug|Any CPU
		{16BF9810-8FCF-436C-A4A8-90B2BD3C99BE}.Debug|iPhone.Deploy.0 = Debug|Any CPU
		{16BF9810-8FCF-436C-A4A8-90B2BD3C99BE}.Debug|iPhoneSimulator.ActiveCfg = Debug|Any CPU
		{16BF9810-8FCF-436C-A4A8-90B2BD3C99BE}.Debug|iPhoneSimulator.Build.0 = Debug|Any CPU
		{16BF9810-8FCF-436C-A4A8-90B2BD3C99BE}.Debug|iPhoneSimulator.Deploy.0 = Debug|Any CPU
		{16BF9810-8FCF-436C-A4A8-90B2BD3C99BE}.Release|Any CPU.ActiveCfg = Release|Any CPU
		{16BF9810-8FCF-436C-A4A8-90B2BD3C99BE}.Release|Any CPU.Build.0 = Release|Any CPU
		{16BF9810-8FCF-436C-A4A8-90B2BD3C99BE}.Release|Any CPU.Deploy.0 = Release|Any CPU
		{16BF9810-8FCF-436C-A4A8-90B2BD3C99BE}.Release|iPhone.ActiveCfg = Release|Any CPU
		{16BF9810-8FCF-436C-A4A8-90B2BD3C99BE}.Release|iPhone.Build.0 = Release|Any CPU
		{16BF9810-8FCF-436C-A4A8-90B2BD3C99BE}.Release|iPhone.Deploy.0 = Release|Any CPU
		{16BF9810-8FCF-436C-A4A8-90B2BD3C99BE}.Release|iPhoneSimulator.ActiveCfg = Release|Any CPU
		{16BF9810-8FCF-436C-A4A8-90B2BD3C99BE}.Release|iPhoneSimulator.Build.0 = Release|Any CPU
		{16BF9810-8FCF-436C-A4A8-90B2BD3C99BE}.Release|iPhoneSimulator.Deploy.0 = Release|Any CPU
		{48BBCE5B-040E-4653-9A90-290F74A621A5}.Debug|Any CPU.ActiveCfg = Debug|iPhone
		{48BBCE5B-040E-4653-9A90-290F74A621A5}.Debug|Any CPU.Build.0 = Debug|iPhone
		{48BBCE5B-040E-4653-9A90-290F74A621A5}.Debug|Any CPU.Deploy.0 = Debug|iPhone
		{48BBCE5B-040E-4653-9A90-290F74A621A5}.Debug|iPhone.ActiveCfg = Debug|iPhone
		{48BBCE5B-040E-4653-9A90-290F74A621A5}.Debug|iPhone.Build.0 = Debug|iPhone
		{48BBCE5B-040E-4653-9A90-290F74A621A5}.Debug|iPhone.Deploy.0 = Debug|iPhone
		{48BBCE5B-040E-4653-9A90-290F74A621A5}.Debug|iPhoneSimulator.ActiveCfg = Debug|iPhoneSimulator
		{48BBCE5B-040E-4653-9A90-290F74A621A5}.Debug|iPhoneSimulator.Build.0 = Debug|iPhoneSimulator
		{48BBCE5B-040E-4653-9A90-290F74A621A5}.Debug|iPhoneSimulator.Deploy.0 = Debug|iPhoneSimulator
		{48BBCE5B-040E-4653-9A90-290F74A621A5}.Release|Any CPU.ActiveCfg = Release|iPhone
		{48BBCE5B-040E-4653-9A90-290F74A621A5}.Release|Any CPU.Build.0 = Release|iPhone
		{48BBCE5B-040E-4653-9A90-290F74A621A5}.Release|Any CPU.Deploy.0 = Release|iPhone
		{48BBCE5B-040E-4653-9A90-290F74A621A5}.Release|iPhone.ActiveCfg = Release|iPhone
		{48BBCE5B-040E-4653-9A90-290F74A621A5}.Release|iPhone.Build.0 = Release|iPhone
		{48BBCE5B-040E-4653-9A90-290F74A621A5}.Release|iPhone.Deploy.0 = Release|iPhone
		{48BBCE5B-040E-4653-9A90-290F74A621A5}.Release|iPhoneSimulator.ActiveCfg = Release|iPhoneSimulator
		{48BBCE5B-040E-4653-9A90-290F74A621A5}.Release|iPhoneSimulator.Build.0 = Release|iPhoneSimulator
		{48BBCE5B-040E-4653-9A90-290F74A621A5}.Release|iPhoneSimulator.Deploy.0 = Release|iPhoneSimulator
		{43E57A0D-5051-4248-AFA3-42DBFA2F5F3D}.Debug|Any CPU.ActiveCfg = Debug|Any CPU
		{43E57A0D-5051-4248-AFA3-42DBFA2F5F3D}.Debug|Any CPU.Build.0 = Debug|Any CPU
		{43E57A0D-5051-4248-AFA3-42DBFA2F5F3D}.Debug|Any CPU.Deploy.0 = Debug|Any CPU
		{43E57A0D-5051-4248-AFA3-42DBFA2F5F3D}.Debug|iPhone.ActiveCfg = Debug|Any CPU
		{43E57A0D-5051-4248-AFA3-42DBFA2F5F3D}.Debug|iPhone.Build.0 = Debug|Any CPU
		{43E57A0D-5051-4248-AFA3-42DBFA2F5F3D}.Debug|iPhone.Deploy.0 = Debug|Any CPU
		{43E57A0D-5051-4248-AFA3-42DBFA2F5F3D}.Debug|iPhoneSimulator.ActiveCfg = Debug|Any CPU
		{43E57A0D-5051-4248-AFA3-42DBFA2F5F3D}.Debug|iPhoneSimulator.Build.0 = Debug|Any CPU
		{43E57A0D-5051-4248-AFA3-42DBFA2F5F3D}.Debug|iPhoneSimulator.Deploy.0 = Debug|Any CPU
		{43E57A0D-5051-4248-AFA3-42DBFA2F5F3D}.Release|Any CPU.ActiveCfg = Release|Any CPU
		{43E57A0D-5051-4248-AFA3-42DBFA2F5F3D}.Release|Any CPU.Build.0 = Release|Any CPU
		{43E57A0D-5051-4248-AFA3-42DBFA2F5F3D}.Release|Any CPU.Deploy.0 = Release|Any CPU
		{43E57A0D-5051-4248-AFA3-42DBFA2F5F3D}.Release|iPhone.ActiveCfg = Release|Any CPU
		{43E57A0D-5051-4248-AFA3-42DBFA2F5F3D}.Release|iPhone.Build.0 = Release|Any CPU
		{43E57A0D-5051-4248-AFA3-42DBFA2F5F3D}.Release|iPhone.Deploy.0 = Release|Any CPU
		{43E57A0D-5051-4248-AFA3-42DBFA2F5F3D}.Release|iPhoneSimulator.ActiveCfg = Release|Any CPU
		{43E57A0D-5051-4248-AFA3-42DBFA2F5F3D}.Release|iPhoneSimulator.Build.0 = Release|Any CPU
		{43E57A0D-5051-4248-AFA3-42DBFA2F5F3D}.Release|iPhoneSimulator.Deploy.0 = Release|Any CPU
	EndGlobalSection
	GlobalSection(SolutionProperties) = preSolution
		HideSolutionNode = FALSE
	EndGlobalSection
	GlobalSection(ExtensibilityGlobals) = postSolution
		SolutionGuid = {9EA7FDD9-BCA7-42E2-BA9B-77176823F213}
	EndGlobalSection
EndGlobal
